
Microsoft Visual Studio Solution File, Format Version 12.00
# Visual Studio Version 17
VisualStudioVersion = 17.8.34330.188
MinimumVisualStudioVersion = 10.0.40219.1
Project("{FAE04EC0-301F-11D3-BF4B-00C04F79EFBC}") = "ASM2_PH52810", "ASM2_PH52810\ASM2_PH52810.csproj", "{FC9A9037-E055-4E51-8972-EACBB8D4B51A}"
EndProject
Global
	GlobalSection(SolutionConfigurationPlatforms) = preSolution
		Debug|Any CPU = Debug|Any CPU
		Release|Any CPU = Release|Any CPU
	EndGlobalSection
	GlobalSection(ProjectConfigurationPlatforms) = postSolution
		{FC9A9037-E055-4E51-8972-EACBB8D4B51A}.Debug|Any CPU.ActiveCfg = Debug|Any CPU
		{FC9A9037-E055-4E51-8972-EACBB8D4B51A}.Debug|Any CPU.Build.0 = Debug|Any CPU
		{FC9A9037-E055-4E51-8972-EACBB8D4B51A}.Release|Any CPU.ActiveCfg = Release|Any CPU
		{FC9A9037-E055-4E51-8972-EACBB8D4B51A}.Release|Any CPU.Build.0 = Release|Any CPU
	EndGlobalSection
	GlobalSection(SolutionProperties) = preSolution
		HideSolutionNode = FALSE
	EndGlobalSection
	GlobalSection(ExtensibilityGlobals) = postSolution
		SolutionGuid = {E3774499-2941-4534-A731-183968819B30}
	EndGlobalSection
EndGlobal
